
Microsoft Visual Studio Solution File, Format Version 12.00
# Visual Studio Version 16
VisualStudioVersion = 16.0.29020.237
MinimumVisualStudioVersion = 10.0.40219.1
Project("{9A19103F-16F7-4668-BE54-9A1E7A4F7556}") = "DeFiPulse.Domain", "src\DeFiPulse.Domain\DeFiPulse.Domain.csproj", "{554AD327-6DBA-4F8F-96F8-81CE7A0C863F}"
EndProject
Project("{9A19103F-16F7-4668-BE54-9A1E7A4F7556}") = "DeFiPulse.Application", "src\DeFiPulse.Application\DeFiPulse.Application.csproj", "{1A94A50E-06DC-43C1-80B5-B662820EC3EB}"
EndProject
Project("{9A19103F-16F7-4668-BE54-9A1E7A4F7556}") = "DeFiPulse.Web", "src\DeFiPulse.Web\DeFiPulse.Web.csproj", "{068855E8-9240-4F1A-910B-CF825794513B}"
EndProject
Project("{2150E333-8FDC-42A3-9474-1A3956D46DE8}") = "src", "src", "{CA9AC87F-097E-4F15-8393-4BC07735A5B0}"
EndProject
Project("{2150E333-8FDC-42A3-9474-1A3956D46DE8}") = "test", "test", "{04DBDB01-70F4-4E06-B468-8F87850B22BE}"
EndProject
Project("{9A19103F-16F7-4668-BE54-9A1E7A4F7556}") = "DeFiPulse.Domain.Shared", "src\DeFiPulse.Domain.Shared\DeFiPulse.Domain.Shared.csproj", "{42F719ED-8413-4895-B5B4-5AB56079BC66}"
EndProject
Project("{9A19103F-16F7-4668-BE54-9A1E7A4F7556}") = "DeFiPulse.Application.Contracts", "src\DeFiPulse.Application.Contracts\DeFiPulse.Application.Contracts.csproj", "{520659C8-C734-4298-A3DA-B539DB9DFC0B}"
EndProject
Project("{9A19103F-16F7-4668-BE54-9A1E7A4F7556}") = "DeFiPulse.DbMigrator", "src\DeFiPulse.DbMigrator\DeFiPulse.DbMigrator.csproj", "{AA94D832-1CCC-4715-95A9-A483F23A1A5D}"
EndProject
Project("{FAE04EC0-301F-11D3-BF4B-00C04F79EFBC}") = "DeFiPulse.Application.Tests", "test\DeFiPulse.Application.Tests\DeFiPulse.Application.Tests.csproj", "{737C3A18-965E-4557-A2C2-54A5828B72BE}"
EndProject
Project("{FAE04EC0-301F-11D3-BF4B-00C04F79EFBC}") = "DeFiPulse.Domain.Tests", "test\DeFiPulse.Domain.Tests\DeFiPulse.Domain.Tests.csproj", "{303FDF1F-2D64-4B10-9C49-B7D1EEAF90B7}"
EndProject
Project("{FAE04EC0-301F-11D3-BF4B-00C04F79EFBC}") = "DeFiPulse.TestBase", "test\DeFiPulse.TestBase\DeFiPulse.TestBase.csproj", "{4D3377E9-EC17-4FB5-9280-D600DD258A88}"
EndProject
Project("{FAE04EC0-301F-11D3-BF4B-00C04F79EFBC}") = "DeFiPulse.MongoDB", "src\DeFiPulse.MongoDB\DeFiPulse.MongoDB.csproj", "{FFF45D54-B7E9-4528-8CC9-AAA0DCB665EE}"
EndProject
Project("{FAE04EC0-301F-11D3-BF4B-00C04F79EFBC}") = "DeFiPulse.MongoDB.Tests", "test\DeFiPulse.MongoDB.Tests\DeFiPulse.MongoDB.Tests.csproj", "{C676B2BB-3A83-4D1D-A44A-098856A66FFE}"
EndProject
Global
	GlobalSection(SolutionConfigurationPlatforms) = preSolution
		Debug|Any CPU = Debug|Any CPU
		Release|Any CPU = Release|Any CPU
	EndGlobalSection
	GlobalSection(ProjectConfigurationPlatforms) = postSolution
		{554AD327-6DBA-4F8F-96F8-81CE7A0C863F}.Debug|Any CPU.ActiveCfg = Debug|Any CPU
		{554AD327-6DBA-4F8F-96F8-81CE7A0C863F}.Debug|Any CPU.Build.0 = Debug|Any CPU
		{554AD327-6DBA-4F8F-96F8-81CE7A0C863F}.Release|Any CPU.ActiveCfg = Release|Any CPU
		{554AD327-6DBA-4F8F-96F8-81CE7A0C863F}.Release|Any CPU.Build.0 = Release|Any CPU
		{1A94A50E-06DC-43C1-80B5-B662820EC3EB}.Debug|Any CPU.ActiveCfg = Debug|Any CPU
		{1A94A50E-06DC-43C1-80B5-B662820EC3EB}.Debug|Any CPU.Build.0 = Debug|Any CPU
		{1A94A50E-06DC-43C1-80B5-B662820EC3EB}.Release|Any CPU.ActiveCfg = Release|Any CPU
		{1A94A50E-06DC-43C1-80B5-B662820EC3EB}.Release|Any CPU.Build.0 = Release|Any CPU
		{068855E8-9240-4F1A-910B-CF825794513B}.Debug|Any CPU.ActiveCfg = Debug|Any CPU
		{068855E8-9240-4F1A-910B-CF825794513B}.Debug|Any CPU.Build.0 = Debug|Any CPU
		{068855E8-9240-4F1A-910B-CF825794513B}.Release|Any CPU.ActiveCfg = Release|Any CPU
		{068855E8-9240-4F1A-910B-CF825794513B}.Release|Any CPU.Build.0 = Release|Any CPU
		{42F719ED-8413-4895-B5B4-5AB56079BC66}.Debug|Any CPU.ActiveCfg = Debug|Any CPU
		{42F719ED-8413-4895-B5B4-5AB56079BC66}.Debug|Any CPU.Build.0 = Debug|Any CPU
		{42F719ED-8413-4895-B5B4-5AB56079BC66}.Release|Any CPU.ActiveCfg = Release|Any CPU
		{42F719ED-8413-4895-B5B4-5AB56079BC66}.Release|Any CPU.Build.0 = Release|Any CPU
		{520659C8-C734-4298-A3DA-B539DB9DFC0B}.Debug|Any CPU.ActiveCfg = Debug|Any CPU
		{520659C8-C734-4298-A3DA-B539DB9DFC0B}.Debug|Any CPU.Build.0 = Debug|Any CPU
		{520659C8-C734-4298-A3DA-B539DB9DFC0B}.Release|Any CPU.ActiveCfg = Release|Any CPU
		{520659C8-C734-4298-A3DA-B539DB9DFC0B}.Release|Any CPU.Build.0 = Release|Any CPU
		{AA94D832-1CCC-4715-95A9-A483F23A1A5D}.Debug|Any CPU.ActiveCfg = Debug|Any CPU
		{AA94D832-1CCC-4715-95A9-A483F23A1A5D}.Debug|Any CPU.Build.0 = Debug|Any CPU
		{AA94D832-1CCC-4715-95A9-A483F23A1A5D}.Release|Any CPU.ActiveCfg = Release|Any CPU
		{AA94D832-1CCC-4715-95A9-A483F23A1A5D}.Release|Any CPU.Build.0 = Release|Any CPU
		{737C3A18-965E-4557-A2C2-54A5828B72BE}.Debug|Any CPU.ActiveCfg = Debug|Any CPU
		{737C3A18-965E-4557-A2C2-54A5828B72BE}.Debug|Any CPU.Build.0 = Debug|Any CPU
		{737C3A18-965E-4557-A2C2-54A5828B72BE}.Release|Any CPU.ActiveCfg = Release|Any CPU
		{737C3A18-965E-4557-A2C2-54A5828B72BE}.Release|Any CPU.Build.0 = Release|Any CPU
		{303FDF1F-2D64-4B10-9C49-B7D1EEAF90B7}.Debug|Any CPU.ActiveCfg = Debug|Any CPU
		{303FDF1F-2D64-4B10-9C49-B7D1EEAF90B7}.Debug|Any CPU.Build.0 = Debug|Any CPU
		{303FDF1F-2D64-4B10-9C49-B7D1EEAF90B7}.Release|Any CPU.ActiveCfg = Release|Any CPU
		{303FDF1F-2D64-4B10-9C49-B7D1EEAF90B7}.Release|Any CPU.Build.0 = Release|Any CPU
		{4D3377E9-EC17-4FB5-9280-D600DD258A88}.Debug|Any CPU.ActiveCfg = Debug|Any CPU
		{4D3377E9-EC17-4FB5-9280-D600DD258A88}.Debug|Any CPU.Build.0 = Debug|Any CPU
		{4D3377E9-EC17-4FB5-9280-D600DD258A88}.Release|Any CPU.ActiveCfg = Release|Any CPU
		{4D3377E9-EC17-4FB5-9280-D600DD258A88}.Release|Any CPU.Build.0 = Release|Any CPU
		{FFF45D54-B7E9-4528-8CC9-AAA0DCB665EE}.Debug|Any CPU.ActiveCfg = Debug|Any CPU
		{FFF45D54-B7E9-4528-8CC9-AAA0DCB665EE}.Debug|Any CPU.Build.0 = Debug|Any CPU
		{FFF45D54-B7E9-4528-8CC9-AAA0DCB665EE}.Release|Any CPU.ActiveCfg = Release|Any CPU
		{FFF45D54-B7E9-4528-8CC9-AAA0DCB665EE}.Release|Any CPU.Build.0 = Release|Any CPU
		{C676B2BB-3A83-4D1D-A44A-098856A66FFE}.Debug|Any CPU.ActiveCfg = Debug|Any CPU
		{C676B2BB-3A83-4D1D-A44A-098856A66FFE}.Debug|Any CPU.Build.0 = Debug|Any CPU
		{C676B2BB-3A83-4D1D-A44A-098856A66FFE}.Release|Any CPU.ActiveCfg = Release|Any CPU
		{C676B2BB-3A83-4D1D-A44A-098856A66FFE}.Release|Any CPU.Build.0 = Release|Any CPU
	EndGlobalSection
	GlobalSection(SolutionProperties) = preSolution
		HideSolutionNode = FALSE
	EndGlobalSection
	GlobalSection(NestedProjects) = preSolution
		{554AD327-6DBA-4F8F-96F8-81CE7A0C863F} = {CA9AC87F-097E-4F15-8393-4BC07735A5B0}
		{1A94A50E-06DC-43C1-80B5-B662820EC3EB} = {CA9AC87F-097E-4F15-8393-4BC07735A5B0}
		{068855E8-9240-4F1A-910B-CF825794513B} = {CA9AC87F-097E-4F15-8393-4BC07735A5B0}
		{42F719ED-8413-4895-B5B4-5AB56079BC66} = {CA9AC87F-097E-4F15-8393-4BC07735A5B0}
		{520659C8-C734-4298-A3DA-B539DB9DFC0B} = {CA9AC87F-097E-4F15-8393-4BC07735A5B0}
		{AA94D832-1CCC-4715-95A9-A483F23A1A5D} = {CA9AC87F-097E-4F15-8393-4BC07735A5B0}
		{737C3A18-965E-4557-A2C2-54A5828B72BE} = {04DBDB01-70F4-4E06-B468-8F87850B22BE}
		{303FDF1F-2D64-4B10-9C49-B7D1EEAF90B7} = {04DBDB01-70F4-4E06-B468-8F87850B22BE}
		{4D3377E9-EC17-4FB5-9280-D600DD258A88} = {04DBDB01-70F4-4E06-B468-8F87850B22BE}
		{FFF45D54-B7E9-4528-8CC9-AAA0DCB665EE} = {CA9AC87F-097E-4F15-8393-4BC07735A5B0}
		{C676B2BB-3A83-4D1D-A44A-098856A66FFE} = {04DBDB01-70F4-4E06-B468-8F87850B22BE}
	EndGlobalSection
	GlobalSection(ExtensibilityGlobals) = postSolution
		SolutionGuid = {28315BFD-90E7-4E14-A2EA-F3D23AF4126F}
	EndGlobalSection
EndGlobal
